# generated by rye
# use `rye lock` or `rye sync` to update this lockfile
#
# last locked with the following flags:
#   pre: false
#   features: []
#   all-features: false
#   with-sources: false
#   generate-hashes: false
#   universal: false

-e file:.
black==25.1.0
    # via goscrape
certifi==2025.1.31
    # via requests
charset-normalizer==3.4.1
    # via requests
click==8.1.8
    # via black
et-xmlfile==2.0.0
    # via openpyxl
idna==3.10
    # via requests
mypy-extensions==1.0.0
    # via black
numpy==2.2.2
    # via pandas
openpyxl==3.1.5
    # via goscrape
packaging==24.2
    # via black
pandas==2.2.3
    # via goscrape
pathspec==0.12.1
    # via black
pillow==11.1.0
    # via goscrape
platformdirs==4.3.7
    # via black
python-dateutil==2.9.0.post0
    # via pandas
pytz==2025.1
    # via pandas
requests==2.32.3
    # via goscrape
six==1.17.0
    # via python-dateutil
tzdata==2025.1
    # via pandas
urllib3==2.3.0
    # via requests
